
Microsoft Visual Studio Solution File, Format Version 12.00
# Visual Studio Version 17
VisualStudioVersion = 17.3.32929.385
MinimumVisualStudioVersion = 10.0.40219.1
Project("{FAE04EC0-301F-11D3-BF4B-00C04F79EFBC}") = "LabNet2023.HelloWorld", "LabNet2023.HelloWorld\LabNet2023.HelloWorld.csproj", "{705748F9-BC6B-4971-9E0F-D8352BBD0E03}"
EndProject
Global
	GlobalSection(SolutionConfigurationPlatforms) = preSolution
		Debug|Any CPU = Debug|Any CPU
		Release|Any CPU = Release|Any CPU
	EndGlobalSection
	GlobalSection(ProjectConfigurationPlatforms) = postSolution
		{705748F9-BC6B-4971-9E0F-D8352BBD0E03}.Debug|Any CPU.ActiveCfg = Debug|Any CPU
		{705748F9-BC6B-4971-9E0F-D8352BBD0E03}.Debug|Any CPU.Build.0 = Debug|Any CPU
		{705748F9-BC6B-4971-9E0F-D8352BBD0E03}.Release|Any CPU.ActiveCfg = Release|Any CPU
		{705748F9-BC6B-4971-9E0F-D8352BBD0E03}.Release|Any CPU.Build.0 = Release|Any CPU
	EndGlobalSection
	GlobalSection(SolutionProperties) = preSolution
		HideSolutionNode = FALSE
	EndGlobalSection
	GlobalSection(ExtensibilityGlobals) = postSolution
		SolutionGuid = {2DF053EF-946A-419C-A43E-070AEC9315FC}
	EndGlobalSection
EndGlobal
