
Microsoft Visual Studio Solution File, Format Version 12.00
# Visual Studio Version 17
VisualStudioVersion = 17.3.32929.385
MinimumVisualStudioVersion = 10.0.40219.1
Project("{FAE04EC0-301F-11D3-BF4B-00C04F79EFBC}") = "LabNetPractica2", "LabNetPractica2\LabNetPractica2.csproj", "{2CDAFC08-FABC-4F9B-830C-E816EE391DDD}"
EndProject
Global
	GlobalSection(SolutionConfigurationPlatforms) = preSolution
		Debug|Any CPU = Debug|Any CPU
		Release|Any CPU = Release|Any CPU
	EndGlobalSection
	GlobalSection(ProjectConfigurationPlatforms) = postSolution
		{2CDAFC08-FABC-4F9B-830C-E816EE391DDD}.Debug|Any CPU.ActiveCfg = Debug|Any CPU
		{2CDAFC08-FABC-4F9B-830C-E816EE391DDD}.Debug|Any CPU.Build.0 = Debug|Any CPU
		{2CDAFC08-FABC-4F9B-830C-E816EE391DDD}.Release|Any CPU.ActiveCfg = Release|Any CPU
		{2CDAFC08-FABC-4F9B-830C-E816EE391DDD}.Release|Any CPU.Build.0 = Release|Any CPU
	EndGlobalSection
	GlobalSection(SolutionProperties) = preSolution
		HideSolutionNode = FALSE
	EndGlobalSection
	GlobalSection(ExtensibilityGlobals) = postSolution
		SolutionGuid = {7590214E-17CB-45C8-A0F5-0842DD8C7B7A}
	EndGlobalSection
EndGlobal
