
Microsoft Visual Studio Solution File, Format Version 12.00
# Visual Studio Version 17
VisualStudioVersion = 17.3.32929.385
MinimumVisualStudioVersion = 10.0.40219.1
Project("{FAE04EC0-301F-11D3-BF4B-00C04F79EFBC}") = "ExtensionsMethodsDemo", "ExtensionsMethodsDemo\ExtensionsMethodsDemo.csproj", "{26DDC36F-CE64-4BE1-A6A2-AAA6F90B1C0D}"
EndProject
Global
	GlobalSection(SolutionConfigurationPlatforms) = preSolution
		Debug|Any CPU = Debug|Any CPU
		Release|Any CPU = Release|Any CPU
	EndGlobalSection
	GlobalSection(ProjectConfigurationPlatforms) = postSolution
		{26DDC36F-CE64-4BE1-A6A2-AAA6F90B1C0D}.Debug|Any CPU.ActiveCfg = Debug|Any CPU
		{26DDC36F-CE64-4BE1-A6A2-AAA6F90B1C0D}.Debug|Any CPU.Build.0 = Debug|Any CPU
		{26DDC36F-CE64-4BE1-A6A2-AAA6F90B1C0D}.Release|Any CPU.ActiveCfg = Release|Any CPU
		{26DDC36F-CE64-4BE1-A6A2-AAA6F90B1C0D}.Release|Any CPU.Build.0 = Release|Any CPU
	EndGlobalSection
	GlobalSection(SolutionProperties) = preSolution
		HideSolutionNode = FALSE
	EndGlobalSection
	GlobalSection(ExtensibilityGlobals) = postSolution
		SolutionGuid = {3547A565-721D-43A4-9406-B4719AC081EC}
	EndGlobalSection
EndGlobal
